
Microsoft Visual Studio Solution File, Format Version 12.00
# Visual Studio 2013
VisualStudioVersion = 12.0.21005.1
MinimumVisualStudioVersion = 10.0.40219.1
Project("{FAE04EC0-301F-11D3-BF4B-00C04F79EFBC}") = "baseform", "baseform\baseform.csproj", "{629030CD-4FB4-4143-94EA-0CF266285846}"
EndProject
Project("{FAE04EC0-301F-11D3-BF4B-00C04F79EFBC}") = "LevelBase", "LevelBase\LevelBase.csproj", "{5C6ABDD0-005B-4619-99B1-ECE2EEBC364A}"
EndProject
Global
	GlobalSection(SolutionConfigurationPlatforms) = preSolution
		Debug|Any CPU = Debug|Any CPU
		Release|Any CPU = Release|Any CPU
	EndGlobalSection
	GlobalSection(ProjectConfigurationPlatforms) = postSolution
		{629030CD-4FB4-4143-94EA-0CF266285846}.Debug|Any CPU.ActiveCfg = Debug|Any CPU
		{629030CD-4FB4-4143-94EA-0CF266285846}.Debug|Any CPU.Build.0 = Debug|Any CPU
		{629030CD-4FB4-4143-94EA-0CF266285846}.Release|Any CPU.ActiveCfg = Release|Any CPU
		{629030CD-4FB4-4143-94EA-0CF266285846}.Release|Any CPU.Build.0 = Release|Any CPU
		{5C6ABDD0-005B-4619-99B1-ECE2EEBC364A}.Debug|Any CPU.ActiveCfg = Debug|Any CPU
		{5C6ABDD0-005B-4619-99B1-ECE2EEBC364A}.Debug|Any CPU.Build.0 = Debug|Any CPU
		{5C6ABDD0-005B-4619-99B1-ECE2EEBC364A}.Release|Any CPU.ActiveCfg = Release|Any CPU
		{5C6ABDD0-005B-4619-99B1-ECE2EEBC364A}.Release|Any CPU.Build.0 = Release|Any CPU
	EndGlobalSection
	GlobalSection(SolutionProperties) = preSolution
		HideSolutionNode = FALSE
	EndGlobalSection
EndGlobal
